// !$*UTF8*$!
{
	archiveVersion = 1;
	classes = {
	};
	objectVersion = 50;
	objects = {

/* Begin PBXBuildFile section */
		8B9C3EA3259237D700E9F7F9 /* AppDelegate.swift in Sources */ = {isa = PBXBuildFile; fileRef = 8B9C3EA2259237D700E9F7F9 /* AppDelegate.swift */; };
		8B9C3EA5259237D700E9F7F9 /* SceneDelegate.swift in Sources */ = {isa = PBXBuildFile; fileRef = 8B9C3EA4259237D700E9F7F9 /* SceneDelegate.swift */; };
		8B9C3EA7259237D700E9F7F9 /* ViewController.swift in Sources */ = {isa = PBXBuildFile; fileRef = 8B9C3EA6259237D700E9F7F9 /* ViewController.swift */; };
		8B9C3EAA259237D700E9F7F9 /* Main.storyboard in Resources */ = {isa = PBXBuildFile; fileRef = 8B9C3EA8259237D700E9F7F9 /* Main.storyboard */; };
		8B9C3EAC259237D800E9F7F9 /* Assets.xcassets in Resources */ = {isa = PBXBuildFile; fileRef = 8B9C3EAB259237D800E9F7F9 /* Assets.xcassets */; };
		8B9C3EAF259237D800E9F7F9 /* LaunchScreen.storyboard in Resources */ = {isa = PBXBuildFile; fileRef = 8B9C3EAD259237D800E9F7F9 /* LaunchScreen.storyboard */; };
		8B9C3EBA259237D800E9F7F9 /* CurrencyManagerTests.swift in Sources */ = {isa = PBXBuildFile; fileRef = 8B9C3EB9259237D800E9F7F9 /* CurrencyManagerTests.swift */; };
		8B9C3EC5259237D800E9F7F9 /* CurrencyManagerUITests.swift in Sources */ = {isa = PBXBuildFile; fileRef = 8B9C3EC4259237D800E9F7F9 /* CurrencyManagerUITests.swift */; };
		8B9C3EE22592383800E9F7F9 /* MoneyRepository.swift in Sources */ = {isa = PBXBuildFile; fileRef = 8B9C3ED82592383800E9F7F9 /* MoneyRepository.swift */; };
		8B9C3EE32592383800E9F7F9 /* MoneyServiceProvider.swift in Sources */ = {isa = PBXBuildFile; fileRef = 8B9C3ED92592383800E9F7F9 /* MoneyServiceProvider.swift */; };
		8B9C3EE42592383800E9F7F9 /* CurrencyHelpHandler.swift in Sources */ = {isa = PBXBuildFile; fileRef = 8B9C3EDA2592383800E9F7F9 /* CurrencyHelpHandler.swift */; };
		8B9C3EE52592383800E9F7F9 /* CustomCurrencyTextField.swift in Sources */ = {isa = PBXBuildFile; fileRef = 8B9C3EDB2592383800E9F7F9 /* CustomCurrencyTextField.swift */; };
		8B9C3EE62592383800E9F7F9 /* MoneyInputManager.swift in Sources */ = {isa = PBXBuildFile; fileRef = 8B9C3EDC2592383800E9F7F9 /* MoneyInputManager.swift */; };
		8B9C3EE72592383800E9F7F9 /* MoneyInputView.xib in Resources */ = {isa = PBXBuildFile; fileRef = 8B9C3EDD2592383800E9F7F9 /* MoneyInputView.xib */; };
		8B9C3EE82592383800E9F7F9 /* MoneyConfig.swift in Sources */ = {isa = PBXBuildFile; fileRef = 8B9C3EDE2592383800E9F7F9 /* MoneyConfig.swift */; };
		8B9C3EE92592383800E9F7F9 /* MoneyService.swift in Sources */ = {isa = PBXBuildFile; fileRef = 8B9C3EDF2592383800E9F7F9 /* MoneyService.swift */; };
		8B9C3EEA2592383800E9F7F9 /* MoneyInputView.swift in Sources */ = {isa = PBXBuildFile; fileRef = 8B9C3EE02592383800E9F7F9 /* MoneyInputView.swift */; };
		8B9C3EEF259238A700E9F7F9 /* Money.plist in Resources */ = {isa = PBXBuildFile; fileRef = 8B9C3EEE259238A700E9F7F9 /* Money.plist */; };
/* End PBXBuildFile section */

/* Begin PBXContainerItemProxy section */
		8B9C3EB6259237D800E9F7F9 /* PBXContainerItemProxy */ = {
			isa = PBXContainerItemProxy;
			containerPortal = 8B9C3E97259237D700E9F7F9 /* Project object */;
			proxyType = 1;
			remoteGlobalIDString = 8B9C3E9E259237D700E9F7F9;
			remoteInfo = CurrencyManager;
		};
		8B9C3EC1259237D800E9F7F9 /* PBXContainerItemProxy */ = {
			isa = PBXContainerItemProxy;
			containerPortal = 8B9C3E97259237D700E9F7F9 /* Project object */;
			proxyType = 1;
			remoteGlobalIDString = 8B9C3E9E259237D700E9F7F9;
			remoteInfo = CurrencyManager;
		};
/* End PBXContainerItemProxy section */

/* Begin PBXFileReference section */
		8B9C3E9F259237D700E9F7F9 /* CurrencyManager.app */ = {isa = PBXFileReference; explicitFileType = wrapper.application; includeInIndex = 0; path = CurrencyManager.app; sourceTree = BUILT_PRODUCTS_DIR; };
		8B9C3EA2259237D700E9F7F9 /* AppDelegate.swift */ = {isa = PBXFileReference; lastKnownFileType = sourcecode.swift; path = AppDelegate.swift; sourceTree = "<group>"; };
		8B9C3EA4259237D700E9F7F9 /* SceneDelegate.swift */ = {isa = PBXFileReference; lastKnownFileType = sourcecode.swift; path = SceneDelegate.swift; sourceTree = "<group>"; };
		8B9C3EA6259237D700E9F7F9 /* ViewController.swift */ = {isa = PBXFileReference; lastKnownFileType = sourcecode.swift; path = ViewController.swift; sourceTree = "<group>"; };
		8B9C3EA9259237D700E9F7F9 /* Base */ = {isa = PBXFileReference; lastKnownFileType = file.storyboard; name = Base; path = Base.lproj/Main.storyboard; sourceTree = "<group>"; };
		8B9C3EAB259237D800E9F7F9 /* Assets.xcassets */ = {isa = PBXFileReference; lastKnownFileType = folder.assetcatalog; path = Assets.xcassets; sourceTree = "<group>"; };
		8B9C3EAE259237D800E9F7F9 /* Base */ = {isa = PBXFileReference; lastKnownFileType = file.storyboard; name = Base; path = Base.lproj/LaunchScreen.storyboard; sourceTree = "<group>"; };
		8B9C3EB0259237D800E9F7F9 /* Info.plist */ = {isa = PBXFileReference; lastKnownFileType = text.plist.xml; path = Info.plist; sourceTree = "<group>"; };
		8B9C3EB5259237D800E9F7F9 /* CurrencyManagerTests.xctest */ = {isa = PBXFileReference; explicitFileType = wrapper.cfbundle; includeInIndex = 0; path = CurrencyManagerTests.xctest; sourceTree = BUILT_PRODUCTS_DIR; };
		8B9C3EB9259237D800E9F7F9 /* CurrencyManagerTests.swift */ = {isa = PBXFileReference; lastKnownFileType = sourcecode.swift; path = CurrencyManagerTests.swift; sourceTree = "<group>"; };
		8B9C3EBB259237D800E9F7F9 /* Info.plist */ = {isa = PBXFileReference; lastKnownFileType = text.plist.xml; path = Info.plist; sourceTree = "<group>"; };
		8B9C3EC0259237D800E9F7F9 /* CurrencyManagerUITests.xctest */ = {isa = PBXFileReference; explicitFileType = wrapper.cfbundle; includeInIndex = 0; path = CurrencyManagerUITests.xctest; sourceTree = BUILT_PRODUCTS_DIR; };
		8B9C3EC4259237D800E9F7F9 /* CurrencyManagerUITests.swift */ = {isa = PBXFileReference; lastKnownFileType = sourcecode.swift; path = CurrencyManagerUITests.swift; sourceTree = "<group>"; };
		8B9C3EC6259237D800E9F7F9 /* Info.plist */ = {isa = PBXFileReference; lastKnownFileType = text.plist.xml; path = Info.plist; sourceTree = "<group>"; };
		8B9C3ED82592383800E9F7F9 /* MoneyRepository.swift */ = {isa = PBXFileReference; fileEncoding = 4; lastKnownFileType = sourcecode.swift; path = MoneyRepository.swift; sourceTree = "<group>"; };
		8B9C3ED92592383800E9F7F9 /* MoneyServiceProvider.swift */ = {isa = PBXFileReference; fileEncoding = 4; lastKnownFileType = sourcecode.swift; path = MoneyServiceProvider.swift; sourceTree = "<group>"; };
		8B9C3EDA2592383800E9F7F9 /* CurrencyHelpHandler.swift */ = {isa = PBXFileReference; fileEncoding = 4; lastKnownFileType = sourcecode.swift; path = CurrencyHelpHandler.swift; sourceTree = "<group>"; };
		8B9C3EDB2592383800E9F7F9 /* CustomCurrencyTextField.swift */ = {isa = PBXFileReference; fileEncoding = 4; lastKnownFileType = sourcecode.swift; path = CustomCurrencyTextField.swift; sourceTree = "<group>"; };
		8B9C3EDC2592383800E9F7F9 /* MoneyInputManager.swift */ = {isa = PBXFileReference; fileEncoding = 4; lastKnownFileType = sourcecode.swift; path = MoneyInputManager.swift; sourceTree = "<group>"; };
		8B9C3EDD2592383800E9F7F9 /* MoneyInputView.xib */ = {isa = PBXFileReference; fileEncoding = 4; lastKnownFileType = file.xib; path = MoneyInputView.xib; sourceTree = "<group>"; };
		8B9C3EDE2592383800E9F7F9 /* MoneyConfig.swift */ = {isa = PBXFileReference; fileEncoding = 4; lastKnownFileType = sourcecode.swift; path = MoneyConfig.swift; sourceTree = "<group>"; };
		8B9C3EDF2592383800E9F7F9 /* MoneyService.swift */ = {isa = PBXFileReference; fileEncoding = 4; lastKnownFileType = sourcecode.swift; path = MoneyService.swift; sourceTree = "<group>"; };
		8B9C3EE02592383800E9F7F9 /* MoneyInputView.swift */ = {isa = PBXFileReference; fileEncoding = 4; lastKnownFileType = sourcecode.swift; path = MoneyInputView.swift; sourceTree = "<group>"; };
		8B9C3EEE259238A700E9F7F9 /* Money.plist */ = {isa = PBXFileReference; fileEncoding = 4; lastKnownFileType = text.plist.xml; path = Money.plist; sourceTree = "<group>"; };
/* End PBXFileReference section */

/* Begin PBXFrameworksBuildPhase section */
		8B9C3E9C259237D700E9F7F9 /* Frameworks */ = {
			isa = PBXFrameworksBuildPhase;
			buildActionMask = 2147483647;
			files = (
			);
			runOnlyForDeploymentPostprocessing = 0;
		};
		8B9C3EB2259237D800E9F7F9 /* Frameworks */ = {
			isa = PBXFrameworksBuildPhase;
			buildActionMask = 2147483647;
			files = (
			);
			runOnlyForDeploymentPostprocessing = 0;
		};
		8B9C3EBD259237D800E9F7F9 /* Frameworks */ = {
			isa = PBXFrameworksBuildPhase;
			buildActionMask = 2147483647;
			files = (
			);
			runOnlyForDeploymentPostprocessing = 0;
		};
/* End PBXFrameworksBuildPhase section */

/* Begin PBXGroup section */
		8B9C3E96259237D700E9F7F9 = {
			isa = PBXGroup;
			children = (
				8B9C3EA1259237D700E9F7F9 /* CurrencyManager */,
				8B9C3EB8259237D800E9F7F9 /* CurrencyManagerTests */,
				8B9C3EC3259237D800E9F7F9 /* CurrencyManagerUITests */,
				8B9C3EA0259237D700E9F7F9 /* Products */,
			);
			sourceTree = "<group>";
		};
		8B9C3EA0259237D700E9F7F9 /* Products */ = {
			isa = PBXGroup;
			children = (
				8B9C3E9F259237D700E9F7F9 /* CurrencyManager.app */,
				8B9C3EB5259237D800E9F7F9 /* CurrencyManagerTests.xctest */,
				8B9C3EC0259237D800E9F7F9 /* CurrencyManagerUITests.xctest */,
			);
			name = Products;
			sourceTree = "<group>";
		};
		8B9C3EA1259237D700E9F7F9 /* CurrencyManager */ = {
			isa = PBXGroup;
			children = (
				8B9C3ED62592383800E9F7F9 /* Money */,
				8B9C3EA2259237D700E9F7F9 /* AppDelegate.swift */,
				8B9C3EE02592383800E9F7F9 /* MoneyInputView.swift */,
				8B9C3EDD2592383800E9F7F9 /* MoneyInputView.xib */,
				8B9C3EA4259237D700E9F7F9 /* SceneDelegate.swift */,
				8B9C3EA6259237D700E9F7F9 /* ViewController.swift */,
				8B9C3EA8259237D700E9F7F9 /* Main.storyboard */,
				8B9C3EAB259237D800E9F7F9 /* Assets.xcassets */,
				8B9C3EAD259237D800E9F7F9 /* LaunchScreen.storyboard */,
				8B9C3EEE259238A700E9F7F9 /* Money.plist */,
				8B9C3EB0259237D800E9F7F9 /* Info.plist */,
			);
			path = CurrencyManager;
			sourceTree = "<group>";
		};
		8B9C3EB8259237D800E9F7F9 /* CurrencyManagerTests */ = {
			isa = PBXGroup;
			children = (
				8B9C3EB9259237D800E9F7F9 /* CurrencyManagerTests.swift */,
				8B9C3EBB259237D800E9F7F9 /* Info.plist */,
			);
			path = CurrencyManagerTests;
			sourceTree = "<group>";
		};
		8B9C3EC3259237D800E9F7F9 /* CurrencyManagerUITests */ = {
			isa = PBXGroup;
			children = (
				8B9C3EC4259237D800E9F7F9 /* CurrencyManagerUITests.swift */,
				8B9C3EC6259237D800E9F7F9 /* Info.plist */,
			);
			path = CurrencyManagerUITests;
			sourceTree = "<group>";
		};
		8B9C3ED62592383800E9F7F9 /* Money */ = {
			isa = PBXGroup;
			children = (
				8B9C3EDF2592383800E9F7F9 /* MoneyService.swift */,
				8B9C3ED82592383800E9F7F9 /* MoneyRepository.swift */,
				8B9C3ED92592383800E9F7F9 /* MoneyServiceProvider.swift */,
				8B9C3EDA2592383800E9F7F9 /* CurrencyHelpHandler.swift */,
				8B9C3EDB2592383800E9F7F9 /* CustomCurrencyTextField.swift */,
				8B9C3EDC2592383800E9F7F9 /* MoneyInputManager.swift */,
				8B9C3EDE2592383800E9F7F9 /* MoneyConfig.swift */,
			);
			path = Money;
			sourceTree = "<group>";
		};
/* End PBXGroup section */

/* Begin PBXNativeTarget section */
		8B9C3E9E259237D700E9F7F9 /* CurrencyManager */ = {
			isa = PBXNativeTarget;
			buildConfigurationList = 8B9C3EC9259237D800E9F7F9 /* Build configuration list for PBXNativeTarget "CurrencyManager" */;
			buildPhases = (
				8B9C3E9B259237D700E9F7F9 /* Sources */,
				8B9C3E9C259237D700E9F7F9 /* Frameworks */,
				8B9C3E9D259237D700E9F7F9 /* Resources */,
			);
			buildRules = (
			);
			dependencies = (
			);
			name = CurrencyManager;
			productName = CurrencyManager;
			productReference = 8B9C3E9F259237D700E9F7F9 /* CurrencyManager.app */;
			productType = "com.apple.product-type.application";
		};
		8B9C3EB4259237D800E9F7F9 /* CurrencyManagerTests */ = {
			isa = PBXNativeTarget;
			buildConfigurationList = 8B9C3ECC259237D800E9F7F9 /* Build configuration list for PBXNativeTarget "CurrencyManagerTests" */;
			buildPhases = (
				8B9C3EB1259237D800E9F7F9 /* Sources */,
				8B9C3EB2259237D800E9F7F9 /* Frameworks */,
				8B9C3EB3259237D800E9F7F9 /* Resources */,
			);
			buildRules = (
			);
			dependencies = (
				8B9C3EB7259237D800E9F7F9 /* PBXTargetDependency */,
			);
			name = CurrencyManagerTests;
			productName = CurrencyManagerTests;
			productReference = 8B9C3EB5259237D800E9F7F9 /* CurrencyManagerTests.xctest */;
			productType = "com.apple.product-type.bundle.unit-test";
		};
		8B9C3EBF259237D800E9F7F9 /* CurrencyManagerUITests */ = {
			isa = PBXNativeTarget;
			buildConfigurationList = 8B9C3ECF259237D800E9F7F9 /* Build configuration list for PBXNativeTarget "CurrencyManagerUITests" */;
			buildPhases = (
				8B9C3EBC259237D800E9F7F9 /* Sources */,
				8B9C3EBD259237D800E9F7F9 /* Frameworks */,
				8B9C3EBE259237D800E9F7F9 /* Resources */,
			);
			buildRules = (
			);
			dependencies = (
				8B9C3EC2259237D800E9F7F9 /* PBXTargetDependency */,
			);
			name = CurrencyManagerUITests;
			productName = CurrencyManagerUITests;
			productReference = 8B9C3EC0259237D800E9F7F9 /* CurrencyManagerUITests.xctest */;
			productType = "com.apple.product-type.bundle.ui-testing";
		};
/* End PBXNativeTarget section */

/* Begin PBXProject section */
		8B9C3E97259237D700E9F7F9 /* Project object */ = {
			isa = PBXProject;
			attributes = {
				LastSwiftUpdateCheck = 1230;
				LastUpgradeCheck = 1230;
				TargetAttributes = {
					8B9C3E9E259237D700E9F7F9 = {
						CreatedOnToolsVersion = 12.3;
					};
					8B9C3EB4259237D800E9F7F9 = {
						CreatedOnToolsVersion = 12.3;
						TestTargetID = 8B9C3E9E259237D700E9F7F9;
					};
					8B9C3EBF259237D800E9F7F9 = {
						CreatedOnToolsVersion = 12.3;
						TestTargetID = 8B9C3E9E259237D700E9F7F9;
					};
				};
			};
			buildConfigurationList = 8B9C3E9A259237D700E9F7F9 /* Build configuration list for PBXProject "CurrencyManager" */;
			compatibilityVersion = "Xcode 9.3";
			developmentRegion = en;
			hasScannedForEncodings = 0;
			knownRegions = (
				en,
				Base,
			);
			mainGroup = 8B9C3E96259237D700E9F7F9;
			productRefGroup = 8B9C3EA0259237D700E9F7F9 /* Products */;
			projectDirPath = "";
			projectRoot = "";
			targets = (
				8B9C3E9E259237D700E9F7F9 /* CurrencyManager */,
				8B9C3EB4259237D800E9F7F9 /* CurrencyManagerTests */,
				8B9C3EBF259237D800E9F7F9 /* CurrencyManagerUITests */,
			);
		};
/* End PBXProject section */

/* Begin PBXResourcesBuildPhase section */
		8B9C3E9D259237D700E9F7F9 /* Resources */ = {
			isa = PBXResourcesBuildPhase;
			buildActionMask = 2147483647;
			files = (
				8B9C3EAF259237D800E9F7F9 /* LaunchScreen.storyboard in Resources */,
				8B9C3EEF259238A700E9F7F9 /* Money.plist in Resources */,
				8B9C3EAC259237D800E9F7F9 /* Assets.xcassets in Resources */,
				8B9C3EE72592383800E9F7F9 /* MoneyInputView.xib in Resources */,
				8B9C3EAA259237D700E9F7F9 /* Main.storyboard in Resources */,
			);
			runOnlyForDeploymentPostprocessing = 0;
		};
		8B9C3EB3259237D800E9F7F9 /* Resources */ = {
			isa = PBXResourcesBuildPhase;
			buildActionMask = 2147483647;
			files = (
			);
			runOnlyForDeploymentPostprocessing = 0;
		};
		8B9C3EBE259237D800E9F7F9 /* Resources */ = {
			isa = PBXResourcesBuildPhase;
			buildActionMask = 2147483647;
			files = (
			);
			runOnlyForDeploymentPostprocessing = 0;
		};
/* End PBXResourcesBuildPhase section */

/* Begin PBXSourcesBuildPhase section */
		8B9C3E9B259237D700E9F7F9 /* Sources */ = {
			isa = PBXSourcesBuildPhase;
			buildActionMask = 2147483647;
			files = (
				8B9C3EE62592383800E9F7F9 /* MoneyInputManager.swift in Sources */,
				8B9C3EA7259237D700E9F7F9 /* ViewController.swift in Sources */,
				8B9C3EE42592383800E9F7F9 /* CurrencyHelpHandler.swift in Sources */,
				8B9C3EE82592383800E9F7F9 /* MoneyConfig.swift in Sources */,
				8B9C3EA3259237D700E9F7F9 /* AppDelegate.swift in Sources */,
				8B9C3EE52592383800E9F7F9 /* CustomCurrencyTextField.swift in Sources */,
				8B9C3EE22592383800E9F7F9 /* MoneyRepository.swift in Sources */,
				8B9C3EE32592383800E9F7F9 /* MoneyServiceProvider.swift in Sources */,
				8B9C3EA5259237D700E9F7F9 /* SceneDelegate.swift in Sources */,
				8B9C3EEA2592383800E9F7F9 /* MoneyInputView.swift in Sources */,
				8B9C3EE92592383800E9F7F9 /* MoneyService.swift in Sources */,
			);
			runOnlyForDeploymentPostprocessing = 0;
		};
		8B9C3EB1259237D800E9F7F9 /* Sources */ = {
			isa = PBXSourcesBuildPhase;
			buildActionMask = 2147483647;
			files = (
				8B9C3EBA259237D800E9F7F9 /* CurrencyManagerTests.swift in Sources */,
			);
			runOnlyForDeploymentPostprocessing = 0;
		};
		8B9C3EBC259237D800E9F7F9 /* Sources */ = {
			isa = PBXSourcesBuildPhase;
			buildActionMask = 2147483647;
			files = (
				8B9C3EC5259237D800E9F7F9 /* CurrencyManagerUITests.swift in Sources */,
			);
			runOnlyForDeploymentPostprocessing = 0;
		};
/* End PBXSourcesBuildPhase section */

/* Begin PBXTargetDependency section */
		8B9C3EB7259237D800E9F7F9 /* PBXTargetDependency */ = {
			isa = PBXTargetDependency;
			target = 8B9C3E9E259237D700E9F7F9 /* CurrencyManager */;
			targetProxy = 8B9C3EB6259237D800E9F7F9 /* PBXContainerItemProxy */;
		};
		8B9C3EC2259237D800E9F7F9 /* PBXTargetDependency */ = {
			isa = PBXTargetDependency;
			target = 8B9C3E9E259237D700E9F7F9 /* CurrencyManager */;
			targetProxy = 8B9C3EC1259237D800E9F7F9 /* PBXContainerItemProxy */;
		};
/* End PBXTargetDependency section */

/* Begin PBXVariantGroup section */
		8B9C3EA8259237D700E9F7F9 /* Main.storyboard */ = {
			isa = PBXVariantGroup;
			children = (
				8B9C3EA9259237D700E9F7F9 /* Base */,
			);
			name = Main.storyboard;
			sourceTree = "<group>";
		};
		8B9C3EAD259237D800E9F7F9 /* LaunchScreen.storyboard */ = {
			isa = PBXVariantGroup;
			children = (
				8B9C3EAE259237D800E9F7F9 /* Base */,
			);
			name = LaunchScreen.storyboard;
			sourceTree = "<group>";
		};
/* End PBXVariantGroup section */

/* Begin XCBuildConfiguration section */
		8B9C3EC7259237D800E9F7F9 /* Debug */ = {
			isa = XCBuildConfiguration;
			buildSettings = {
				ALWAYS_SEARCH_USER_PATHS = NO;
				CLANG_ANALYZER_NONNULL = YES;
				CLANG_ANALYZER_NUMBER_OBJECT_CONVERSION = YES_AGGRESSIVE;
				CLANG_CXX_LANGUAGE_STANDARD = "gnu++14";
				CLANG_CXX_LIBRARY = "libc++";
				CLANG_ENABLE_MODULES = YES;
				CLANG_ENABLE_OBJC_ARC = YES;
				CLANG_ENABLE_OBJC_WEAK = YES;
				CLANG_WARN_BLOCK_CAPTURE_AUTORELEASING = YES;
				CLANG_WARN_BOOL_CONVERSION = YES;
				CLANG_WARN_COMMA = YES;
				CLANG_WARN_CONSTANT_CONVERSION = YES;
				CLANG_WARN_DEPRECATED_OBJC_IMPLEMENTATIONS = YES;
				CLANG_WARN_DIRECT_OBJC_ISA_USAGE = YES_ERROR;
				CLANG_WARN_DOCUMENTATION_COMMENTS = YES;
				CLANG_WARN_EMPTY_BODY = YES;
				CLANG_WARN_ENUM_CONVERSION = YES;
				CLANG_WARN_INFINITE_RECURSION = YES;
				CLANG_WARN_INT_CONVERSION = YES;
				CLANG_WARN_NON_LITERAL_NULL_CONVERSION = YES;
				CLANG_WARN_OBJC_IMPLICIT_RETAIN_SELF = YES;
				CLANG_WARN_OBJC_LITERAL_CONVERSION = YES;
				CLANG_WARN_OBJC_ROOT_CLASS = YES_ERROR;
				CLANG_WARN_QUOTED_INCLUDE_IN_FRAMEWORK_HEADER = YES;
				CLANG_WARN_RANGE_LOOP_ANALYSIS = YES;
				CLANG_WARN_STRICT_PROTOTYPES = YES;
				CLANG_WARN_SUSPICIOUS_MOVE = YES;
				CLANG_WARN_UNGUARDED_AVAILABILITY = YES_AGGRESSIVE;
				CLANG_WARN_UNREACHABLE_CODE = YES;
				CLANG_WARN__DUPLICATE_METHOD_MATCH = YES;
				COPY_PHASE_STRIP = NO;
				DEBUG_INFORMATION_FORMAT = dwarf;
				ENABLE_STRICT_OBJC_MSGSEND = YES;
				ENABLE_TESTABILITY = YES;
				GCC_C_LANGUAGE_STANDARD = gnu11;
				GCC_DYNAMIC_NO_PIC = NO;
				GCC_NO_COMMON_BLOCKS = YES;
				GCC_OPTIMIZATION_LEVEL = 0;
				GCC_PREPROCESSOR_DEFINITIONS = (
					"DEBUG=1",
					"$(inherited)",
				);
				GCC_WARN_64_TO_32_BIT_CONVERSION = YES;
				GCC_WARN_ABOUT_RETURN_TYPE = YES_ERROR;
				GCC_WARN_UNDECLARED_SELECTOR = YES;
				GCC_WARN_UNINITIALIZED_AUTOS = YES_AGGRESSIVE;
				GCC_WARN_UNUSED_FUNCTION = YES;
				GCC_WARN_UNUSED_VARIABLE = YES;
				IPHONEOS_DEPLOYMENT_TARGET = 14.3;
				MTL_ENABLE_DEBUG_INFO = INCLUDE_SOURCE;
				MTL_FAST_MATH = YES;
				ONLY_ACTIVE_ARCH = YES;
				SDKROOT = iphoneos;
				SWIFT_ACTIVE_COMPILATION_CONDITIONS = DEBUG;
				SWIFT_OPTIMIZATION_LEVEL = "-Onone";
			};
			name = Debug;
		};
		8B9C3EC8259237D800E9F7F9 /* Release */ = {
			isa = XCBuildConfiguration;
			buildSettings = {
				ALWAYS_SEARCH_USER_PATHS = NO;
				CLANG_ANALYZER_NONNULL = YES;
				CLANG_ANALYZER_NUMBER_OBJECT_CONVERSION = YES_AGGRESSIVE;
				CLANG_CXX_LANGUAGE_STANDARD = "gnu++14";
				CLANG_CXX_LIBRARY = "libc++";
				CLANG_ENABLE_MODULES = YES;
				CLANG_ENABLE_OBJC_ARC = YES;
				CLANG_ENABLE_OBJC_WEAK = YES;
				CLANG_WARN_BLOCK_CAPTURE_AUTORELEASING = YES;
				CLANG_WARN_BOOL_CONVERSION = YES;
				CLANG_WARN_COMMA = YES;
				CLANG_WARN_CONSTANT_CONVERSION = YES;
				CLANG_WARN_DEPRECATED_OBJC_IMPLEMENTATIONS = YES;
				CLANG_WARN_DIRECT_OBJC_ISA_USAGE = YES_ERROR;
				CLANG_WARN_DOCUMENTATION_COMMENTS = YES;
				CLANG_WARN_EMPTY_BODY = YES;
				CLANG_WARN_ENUM_CONVERSION = YES;
				CLANG_WARN_INFINITE_RECURSION = YES;
				CLANG_WARN_INT_CONVERSION = YES;
				CLANG_WARN_NON_LITERAL_NULL_CONVERSION = YES;
				CLANG_WARN_OBJC_IMPLICIT_RETAIN_SELF = YES;
				CLANG_WARN_OBJC_LITERAL_CONVERSION = YES;
				CLANG_WARN_OBJC_ROOT_CLASS = YES_ERROR;
				CLANG_WARN_QUOTED_INCLUDE_IN_FRAMEWORK_HEADER = YES;
				CLANG_WARN_RANGE_LOOP_ANALYSIS = YES;
				CLANG_WARN_STRICT_PROTOTYPES = YES;
				CLANG_WARN_SUSPICIOUS_MOVE = YES;
				CLANG_WARN_UNGUARDED_AVAILABILITY = YES_AGGRESSIVE;
				CLANG_WARN_UNREACHABLE_CODE = YES;
				CLANG_WARN__DUPLICATE_METHOD_MATCH = YES;
				COPY_PHASE_STRIP = NO;
				DEBUG_INFORMATION_FORMAT = "dwarf-with-dsym";
				ENABLE_NS_ASSERTIONS = NO;
				ENABLE_STRICT_OBJC_MSGSEND = YES;
				GCC_C_LANGUAGE_STANDARD = gnu11;
				GCC_NO_COMMON_BLOCKS = YES;
				GCC_WARN_64_TO_32_BIT_CONVERSION = YES;
				GCC_WARN_ABOUT_RETURN_TYPE = YES_ERROR;
				GCC_WARN_UNDECLARED_SELECTOR = YES;
				GCC_WARN_UNINITIALIZED_AUTOS = YES_AGGRESSIVE;
				GCC_WARN_UNUSED_FUNCTION = YES;
				GCC_WARN_UNUSED_VARIABLE = YES;
				IPHONEOS_DEPLOYMENT_TARGET = 14.3;
				MTL_ENABLE_DEBUG_INFO = NO;
				MTL_FAST_MATH = YES;
				SDKROOT = iphoneos;
				SWIFT_COMPILATION_MODE = wholemodule;
				SWIFT_OPTIMIZATION_LEVEL = "-O";
				VALIDATE_PRODUCT = YES;
			};
			name = Release;
		};
		8B9C3ECA259237D800E9F7F9 /* Debug */ = {
			isa = XCBuildConfiguration;
			buildSettings = {
				ASSETCATALOG_COMPILER_APPICON_NAME = AppIcon;
				ASSETCATALOG_COMPILER_GLOBAL_ACCENT_COLOR_NAME = AccentColor;
				CODE_SIGN_STYLE = Automatic;
				DEVELOPMENT_TEAM = S52U335MH4;
				INFOPLIST_FILE = CurrencyManager/Info.plist;
				LD_RUNPATH_SEARCH_PATHS = (
					"$(inherited)",
					"@executable_path/Frameworks",
				);
				PRODUCT_BUNDLE_IDENTIFIER = shayan.personal.CurrencyManager;
				PRODUCT_NAME = "$(TARGET_NAME)";
				SWIFT_VERSION = 5.0;
				TARGETED_DEVICE_FAMILY = "1,2";
			};
			name = Debug;
		};
		8B9C3ECB259237D800E9F7F9 /* Release */ = {
			isa = XCBuildConfiguration;
			buildSettings = {
				ASSETCATALOG_COMPILER_APPICON_NAME = AppIcon;
				ASSETCATALOG_COMPILER_GLOBAL_ACCENT_COLOR_NAME = AccentColor;
				CODE_SIGN_STYLE = Automatic;
				DEVELOPMENT_TEAM = S52U335MH4;
				INFOPLIST_FILE = CurrencyManager/Info.plist;
				LD_RUNPATH_SEARCH_PATHS = (
					"$(inherited)",
					"@executable_path/Frameworks",
				);
				PRODUCT_BUNDLE_IDENTIFIER = shayan.personal.CurrencyManager;
				PRODUCT_NAME = "$(TARGET_NAME)";
				SWIFT_VERSION = 5.0;
				TARGETED_DEVICE_FAMILY = "1,2";
			};
			name = Release;
		};
		8B9C3ECD259237D800E9F7F9 /* Debug */ = {
			isa = XCBuildConfiguration;
			buildSettings = {
				ALWAYS_EMBED_SWIFT_STANDARD_LIBRARIES = YES;
				BUNDLE_LOADER = "$(TEST_HOST)";
				CODE_SIGN_STYLE = Automatic;
				DEVELOPMENT_TEAM = S52U335MH4;
				INFOPLIST_FILE = CurrencyManagerTests/Info.plist;
				IPHONEOS_DEPLOYMENT_TARGET = 14.3;
				LD_RUNPATH_SEARCH_PATHS = (
					"$(inherited)",
					"@executable_path/Frameworks",
					"@loader_path/Frameworks",
				);
				PRODUCT_BUNDLE_IDENTIFIER = shayan.personal.CurrencyManagerTests;
				PRODUCT_NAME = "$(TARGET_NAME)";
				SWIFT_VERSION = 5.0;
				TARGETED_DEVICE_FAMILY = "1,2";
				TEST_HOST = "$(BUILT_PRODUCTS_DIR)/CurrencyManager.app/CurrencyManager";
			};
			name = Debug;
		};
		8B9C3ECE259237D800E9F7F9 /* Release */ = {
			isa = XCBuildConfiguration;
			buildSettings = {
				ALWAYS_EMBED_SWIFT_STANDARD_LIBRARIES = YES;
				BUNDLE_LOADER = "$(TEST_HOST)";
				CODE_SIGN_STYLE = Automatic;
				DEVELOPMENT_TEAM = S52U335MH4;
				INFOPLIST_FILE = CurrencyManagerTests/Info.plist;
				IPHONEOS_DEPLOYMENT_TARGET = 14.3;
				LD_RUNPATH_SEARCH_PATHS = (
					"$(inherited)",
					"@executable_path/Frameworks",
					"@loader_path/Frameworks",
				);
				PRODUCT_BUNDLE_IDENTIFIER = shayan.personal.CurrencyManagerTests;
				PRODUCT_NAME = "$(TARGET_NAME)";
				SWIFT_VERSION = 5.0;
				TARGETED_DEVICE_FAMILY = "1,2";
				TEST_HOST = "$(BUILT_PRODUCTS_DIR)/CurrencyManager.app/CurrencyManager";
			};
			name = Release;
		};
		8B9C3ED0259237D800E9F7F9 /* Debug */ = {
			isa = XCBuildConfiguration;
			buildSettings = {
				ALWAYS_EMBED_SWIFT_STANDARD_LIBRARIES = YES;
				CODE_SIGN_STYLE = Automatic;
				DEVELOPMENT_TEAM = S52U335MH4;
				INFOPLIST_FILE = CurrencyManagerUITests/Info.plist;
				LD_RUNPATH_SEARCH_PATHS = (
					"$(inherited)",
					"@executable_path/Frameworks",
					"@loader_path/Frameworks",
				);
				PRODUCT_BUNDLE_IDENTIFIER = shayan.personal.CurrencyManagerUITests;
				PRODUCT_NAME = "$(TARGET_NAME)";
				SWIFT_VERSION = 5.0;
				TARGETED_DEVICE_FAMILY = "1,2";
				TEST_TARGET_NAME = CurrencyManager;
			};
			name = Debug;
		};
		8B9C3ED1259237D800E9F7F9 /* Release */ = {
			isa = XCBuildConfiguration;
			buildSettings = {
				ALWAYS_EMBED_SWIFT_STANDARD_LIBRARIES = YES;
				CODE_SIGN_STYLE = Automatic;
				DEVELOPMENT_TEAM = S52U335MH4;
				INFOPLIST_FILE = CurrencyManagerUITests/Info.plist;
				LD_RUNPATH_SEARCH_PATHS = (
					"$(inherited)",
					"@executable_path/Frameworks",
					"@loader_path/Frameworks",
				);
				PRODUCT_BUNDLE_IDENTIFIER = shayan.personal.CurrencyManagerUITests;
				PRODUCT_NAME = "$(TARGET_NAME)";
				SWIFT_VERSION = 5.0;
				TARGETED_DEVICE_FAMILY = "1,2";
				TEST_TARGET_NAME = CurrencyManager;
			};
			name = Release;
		};
/* End XCBuildConfiguration section */

/* Begin XCConfigurationList section */
		8B9C3E9A259237D700E9F7F9 /* Build configuration list for PBXProject "CurrencyManager" */ = {
			isa = XCConfigurationList;
			buildConfigurations = (
				8B9C3EC7259237D800E9F7F9 /* Debug */,
				8B9C3EC8259237D800E9F7F9 /* Release */,
			);
			defaultConfigurationIsVisible = 0;
			defaultConfigurationName = Release;
		};
		8B9C3EC9259237D800E9F7F9 /* Build configuration list for PBXNativeTarget "CurrencyManager" */ = {
			isa = XCConfigurationList;
			buildConfigurations = (
				8B9C3ECA259237D800E9F7F9 /* Debug */,
				8B9C3ECB259237D800E9F7F9 /* Release */,
			);
			defaultConfigurationIsVisible = 0;
			defaultConfigurationName = Release;
		};
		8B9C3ECC259237D800E9F7F9 /* Build configuration list for PBXNativeTarget "CurrencyManagerTests" */ = {
			isa = XCConfigurationList;
			buildConfigurations = (
				8B9C3ECD259237D800E9F7F9 /* Debug */,
				8B9C3ECE259237D800E9F7F9 /* Release */,
			);
			defaultConfigurationIsVisible = 0;
			defaultConfigurationName = Release;
		};
		8B9C3ECF259237D800E9F7F9 /* Build configuration list for PBXNativeTarget "CurrencyManagerUITests" */ = {
			isa = XCConfigurationList;
			buildConfigurations = (
				8B9C3ED0259237D800E9F7F9 /* Debug */,
				8B9C3ED1259237D800E9F7F9 /* Release */,
			);
			defaultConfigurationIsVisible = 0;
			defaultConfigurationName = Release;
		};
/* End XCConfigurationList section */
	};
	rootObject = 8B9C3E97259237D700E9F7F9 /* Project object */;
}
